PODS:
  - Flutter (1.0.0)
  - integration_test (0.0.1):
    - Flutter
  - nfc_card_reader (0.0.1):
    - Flutter

DEPENDENCIES:
  - Flutter (from `Flutter`)
  - integration_test (from `.symlinks/plugins/integration_test/ios`)
  - nfc_card_reader (from `.symlinks/plugins/nfc_card_reader/ios`)

EXTERNAL SOURCES:
  Flutter:
    :path: Flutter
  integration_test:
    :path: ".symlinks/plugins/integration_test/ios"
  nfc_card_reader:
    :path: ".symlinks/plugins/nfc_card_reader/ios"

SPEC CHECKSUMS:
  Flutter: cabc95a1d2626b1b06e7179b784ebcf0c0cde467
  integration_test: 4a889634ef21a45d28d50d622cf412dc6d9f586e
  nfc_card_reader: bd84440a124b2e21a561163d25d406721dd0c772

PODFILE CHECKSUM: 3c63482e143d1b91d2d2560aee9fb04ecc74ac7e

COCOAPODS: 1.16.2
